// !$*UTF8*$!
{
	archiveVersion = 1;
	classes = {
	};
	objectVersion = 56;
	objects = {

/* Begin PBXBuildFile section */
		D01EBE4C2B69472F0085C1F0 /* AboutMeSwiftUIApp.swift in Sources */ = {isa = PBXBuildFile; fileRef = D01EBE4B2B69472F0085C1F0 /* AboutMeSwiftUIApp.swift */; };
		D01EBE4E2B69472F0085C1F0 /* ContentView.swift in Sources */ = {isa = PBXBuildFile; fileRef = D01EBE4D2B69472F0085C1F0 /* ContentView.swift */; };
		D01EBE502B6947300085C1F0 /* Assets.xcassets in Resources */ = {isa = PBXBuildFile; fileRef = D01EBE4F2B6947300085C1F0 /* Assets.xcassets */; };
		D01EBE532B6947300085C1F0 /* Preview Assets.xcassets in Resources */ = {isa = PBXBuildFile; fileRef = D01EBE522B6947300085C1F0 /* Preview Assets.xcassets */; };
/* End PBXBuildFile section */

/* Begin PBXContainerItemProxy section */
		D01EBE592B6947300085C1F0 /* PBXContainerItemProxy */ = {
			isa = PBXContainerItemProxy;
			containerPortal = D01EBE402B69472F0085C1F0 /* Project object */;
			proxyType = 1;
			remoteGlobalIDString = D01EBE472B69472F0085C1F0;
			remoteInfo = AboutMeSwiftUI;
		};
		D01EBE632B6947300085C1F0 /* PBXContainerItemProxy */ = {
			isa = PBXContainerItemProxy;
			containerPortal = D01EBE402B69472F0085C1F0 /* Project object */;
			proxyType = 1;
			remoteGlobalIDString = D01EBE472B69472F0085C1F0;
			remoteInfo = AboutMeSwiftUI;
		};
/* End PBXContainerItemProxy section */

/* Begin PBXFileReference section */
		D01EBE482B69472F0085C1F0 /* AboutMeSwiftUI.app */ = {isa = PBXFileReference; explicitFileType = wrapper.application; includeInIndex = 0; path = AboutMeSwiftUI.app; sourceTree = BUILT_PRODUCTS_DIR; };
		D01EBE4B2B69472F0085C1F0 /* AboutMeSwiftUIApp.swift */ = {isa = PBXFileReference; lastKnownFileType = sourcecode.swift; path = AboutMeSwiftUIApp.swift; sourceTree = "<group>"; };
		D01EBE4D2B69472F0085C1F0 /* ContentView.swift */ = {isa = PBXFileReference; lastKnownFileType = sourcecode.swift; path = ContentView.swift; sourceTree = "<group>"; };
		D01EBE4F2B6947300085C1F0 /* Assets.xcassets */ = {isa = PBXFileReference; lastKnownFileType = folder.assetcatalog; path = Assets.xcassets; sourceTree = "<group>"; };
		D01EBE522B6947300085C1F0 /* Preview Assets.xcassets */ = {isa = PBXFileReference; lastKnownFileType = folder.assetcatalog; path = "Preview Assets.xcassets"; sourceTree = "<group>"; };
		D01EBE582B6947300085C1F0 /* AboutMeSwiftUITests.xctest */ = {isa = PBXFileReference; explicitFileType = wrapper.cfbundle; includeInIndex = 0; path = AboutMeSwiftUITests.xctest; sourceTree = BUILT_PRODUCTS_DIR; };
		D01EBE622B6947300085C1F0 /* AboutMeSwiftUIUITests.xctest */ = {isa = PBXFileReference; explicitFileType = wrapper.cfbundle; includeInIndex = 0; path = AboutMeSwiftUIUITests.xctest; sourceTree = BUILT_PRODUCTS_DIR; };
/* End PBXFileReference section */

/* Begin PBXFrameworksBuildPhase section */
		D01EBE452B69472F0085C1F0 /* Frameworks */ = {
			isa = PBXFrameworksBuildPhase;
			buildActionMask = 2147483647;
			files = (
			);
			runOnlyForDeploymentPostprocessing = 0;
		};
		D01EBE552B6947300085C1F0 /* Frameworks */ = {
			isa = PBXFrameworksBuildPhase;
			buildActionMask = 2147483647;
			files = (
			);
			runOnlyForDeploymentPostprocessing = 0;
		};
		D01EBE5F2B6947300085C1F0 /* Frameworks */ = {
			isa = PBXFrameworksBuildPhase;
			buildActionMask = 2147483647;
			files = (
			);
			runOnlyForDeploymentPostprocessing = 0;
		};
/* End PBXFrameworksBuildPhase section */

/* Begin PBXGroup section */
		D01EBE3F2B69472F0085C1F0 = {
			isa = PBXGroup;
			children = (
				D01EBE4A2B69472F0085C1F0 /* AboutMeSwiftUI */,
				D01EBE492B69472F0085C1F0 /* Products */,
			);
			sourceTree = "<group>";
		};
		D01EBE492B69472F0085C1F0 /* Products */ = {
			isa = PBXGroup;
			children = (
				D01EBE482B69472F0085C1F0 /* AboutMeSwiftUI.app */,
				D01EBE582B6947300085C1F0 /* AboutMeSwiftUITests.xctest */,
				D01EBE622B6947300085C1F0 /* AboutMeSwiftUIUITests.xctest */,
			);
			name = Products;
			sourceTree = "<group>";
		};
		D01EBE4A2B69472F0085C1F0 /* AboutMeSwiftUI */ = {
			isa = PBXGroup;
			children = (
				D01EBE4B2B69472F0085C1F0 /* AboutMeSwiftUIApp.swift */,
				D01EBE4D2B69472F0085C1F0 /* ContentView.swift */,
				D01EBE4F2B6947300085C1F0 /* Assets.xcassets */,
				D01EBE512B6947300085C1F0 /* Preview Content */,
			);
			path = AboutMeSwiftUI;
			sourceTree = "<group>";
		};
		D01EBE512B6947300085C1F0 /* Preview Content */ = {
			isa = PBXGroup;
			children = (
				D01EBE522B6947300085C1F0 /* Preview Assets.xcassets */,
			);
			path = "Preview Content";
			sourceTree = "<group>";
		};
/* End PBXGroup section */

/* Begin PBXNativeTarget section */
		D01EBE472B69472F0085C1F0 /* AboutMeSwiftUI */ = {
			isa = PBXNativeTarget;
			buildConfigurationList = D01EBE6C2B6947300085C1F0 /* Build configuration list for PBXNativeTarget "AboutMeSwiftUI" */;
			buildPhases = (
				D01EBE442B69472F0085C1F0 /* Sources */,
				D01EBE452B69472F0085C1F0 /* Frameworks */,
				D01EBE462B69472F0085C1F0 /* Resources */,
			);
			buildRules = (
			);
			dependencies = (
			);
			name = AboutMeSwiftUI;
			productName = AboutMeSwiftUI;
			productReference = D01EBE482B69472F0085C1F0 /* AboutMeSwiftUI.app */;
			productType = "com.apple.product-type.application";
		};
		D01EBE572B6947300085C1F0 /* AboutMeSwiftUITests */ = {
			isa = PBXNativeTarget;
			buildConfigurationList = D01EBE6F2B6947300085C1F0 /* Build configuration list for PBXNativeTarget "AboutMeSwiftUITests" */;
			buildPhases = (
				D01EBE542B6947300085C1F0 /* Sources */,
				D01EBE552B6947300085C1F0 /* Frameworks */,
				D01EBE562B6947300085C1F0 /* Resources */,
			);
			buildRules = (
			);
			dependencies = (
				D01EBE5A2B6947300085C1F0 /* PBXTargetDependency */,
			);
			name = AboutMeSwiftUITests;
			productName = AboutMeSwiftUITests;
			productReference = D01EBE582B6947300085C1F0 /* AboutMeSwiftUITests.xctest */;
			productType = "com.apple.product-type.bundle.unit-test";
		};
		D01EBE612B6947300085C1F0 /* AboutMeSwiftUIUITests */ = {
			isa = PBXNativeTarget;
			buildConfigurationList = D01EBE722B6947300085C1F0 /* Build configuration list for PBXNativeTarget "AboutMeSwiftUIUITests" */;
			buildPhases = (
				D01EBE5E2B6947300085C1F0 /* Sources */,
				D01EBE5F2B6947300085C1F0 /* Frameworks */,
				D01EBE602B6947300085C1F0 /* Resources */,
			);
			buildRules = (
			);
			dependencies = (
				D01EBE642B6947300085C1F0 /* PBXTargetDependency */,
			);
			name = AboutMeSwiftUIUITests;
			productName = AboutMeSwiftUIUITests;
			productReference = D01EBE622B6947300085C1F0 /* AboutMeSwiftUIUITests.xctest */;
			productType = "com.apple.product-type.bundle.ui-testing";
		};
/* End PBXNativeTarget section */

/* Begin PBXProject section */
		D01EBE402B69472F0085C1F0 /* Project object */ = {
			isa = PBXProject;
			attributes = {
				BuildIndependentTargetsInParallel = 1;
				LastSwiftUpdateCheck = 1500;
				LastUpgradeCheck = 1500;
				TargetAttributes = {
					D01EBE472B69472F0085C1F0 = {
						CreatedOnToolsVersion = 15.0.1;
					};
					D01EBE572B6947300085C1F0 = {
						CreatedOnToolsVersion = 15.0.1;
						TestTargetID = D01EBE472B69472F0085C1F0;
					};
					D01EBE612B6947300085C1F0 = {
						CreatedOnToolsVersion = 15.0.1;
						TestTargetID = D01EBE472B69472F0085C1F0;
					};
				};
			};
			buildConfigurationList = D01EBE432B69472F0085C1F0 /* Build configuration list for PBXProject "AboutMeSwiftUI" */;
			compatibilityVersion = "Xcode 14.0";
			developmentRegion = en;
			hasScannedForEncodings = 0;
			knownRegions = (
				en,
				Base,
			);
			mainGroup = D01EBE3F2B69472F0085C1F0;
			productRefGroup = D01EBE492B69472F0085C1F0 /* Products */;
			projectDirPath = "";
			projectRoot = "";
			targets = (
				D01EBE472B69472F0085C1F0 /* AboutMeSwiftUI */,
				D01EBE572B6947300085C1F0 /* AboutMeSwiftUITests */,
				D01EBE612B6947300085C1F0 /* AboutMeSwiftUIUITests */,
			);
		};
/* End PBXProject section */

/* Begin PBXResourcesBuildPhase section */
		D01EBE462B69472F0085C1F0 /* Resources */ = {
			isa = PBXResourcesBuildPhase;
			buildActionMask = 2147483647;
			files = (
				D01EBE532B6947300085C1F0 /* Preview Assets.xcassets in Resources */,
				D01EBE502B6947300085C1F0 /* Assets.xcassets in Resources */,
			);
			runOnlyForDeploymentPostprocessing = 0;
		};
		D01EBE562B6947300085C1F0 /* Resources */ = {
			isa = PBXResourcesBuildPhase;
			buildActionMask = 2147483647;
			files = (
			);
			runOnlyForDeploymentPostprocessing = 0;
		};
		D01EBE602B6947300085C1F0 /* Resources */ = {
			isa = PBXResourcesBuildPhase;
			buildActionMask = 2147483647;
			files = (
			);
			runOnlyForDeploymentPostprocessing = 0;
		};
/* End PBXResourcesBuildPhase section */

/* Begin PBXSourcesBuildPhase section */
		D01EBE442B69472F0085C1F0 /* Sources */ = {
			isa = PBXSourcesBuildPhase;
			buildActionMask = 2147483647;
			files = (
				D01EBE4E2B69472F0085C1F0 /* ContentView.swift in Sources */,
				D01EBE4C2B69472F0085C1F0 /* AboutMeSwiftUIApp.swift in Sources */,
			);
			runOnlyForDeploymentPostprocessing = 0;
		};
		D01EBE542B6947300085C1F0 /* Sources */ = {
			isa = PBXSourcesBuildPhase;
			buildActionMask = 2147483647;
			files = (
			);
			runOnlyForDeploymentPostprocessing = 0;
		};
		D01EBE5E2B6947300085C1F0 /* Sources */ = {
			isa = PBXSourcesBuildPhase;
			buildActionMask = 2147483647;
			files = (
			);
			runOnlyForDeploymentPostprocessing = 0;
		};
/* End PBXSourcesBuildPhase section */

/* Begin PBXTargetDependency section */
		D01EBE5A2B6947300085C1F0 /* PBXTargetDependency */ = {
			isa = PBXTargetDependency;
			target = D01EBE472B69472F0085C1F0 /* AboutMeSwiftUI */;
			targetProxy = D01EBE592B6947300085C1F0 /* PBXContainerItemProxy */;
		};
		D01EBE642B6947300085C1F0 /* PBXTargetDependency */ = {
			isa = PBXTargetDependency;
			target = D01EBE472B69472F0085C1F0 /* AboutMeSwiftUI */;
			targetProxy = D01EBE632B6947300085C1F0 /* PBXContainerItemProxy */;
		};
/* End PBXTargetDependency section */

/* Begin XCBuildConfiguration section */
		D01EBE6A2B6947300085C1F0 /* Debug */ = {
			isa = XCBuildConfiguration;
			buildSettings = {
				ALWAYS_SEARCH_USER_PATHS = NO;
				ASSETCATALOG_COMPILER_GENERATE_SWIFT_ASSET_SYMBOL_EXTENSIONS = YES;
				CLANG_ANALYZER_NONNULL = YES;
				CLANG_ANALYZER_NUMBER_OBJECT_CONVERSION = YES_AGGRESSIVE;
				CLANG_CXX_LANGUAGE_STANDARD = "gnu++20";
				CLANG_ENABLE_MODULES = YES;
				CLANG_ENABLE_OBJC_ARC = YES;
				CLANG_ENABLE_OBJC_WEAK = YES;
				CLANG_WARN_BLOCK_CAPTURE_AUTORELEASING = YES;
				CLANG_WARN_BOOL_CONVERSION = YES;
				CLANG_WARN_COMMA = YES;
				CLANG_WARN_CONSTANT_CONVERSION = YES;
				CLANG_WARN_DEPRECATED_OBJC_IMPLEMENTATIONS = YES;
				CLANG_WARN_DIRECT_OBJC_ISA_USAGE = YES_ERROR;
				CLANG_WARN_DOCUMENTATION_COMMENTS = YES;
				CLANG_WARN_EMPTY_BODY = YES;
				CLANG_WARN_ENUM_CONVERSION = YES;
				CLANG_WARN_INFINITE_RECURSION = YES;
				CLANG_WARN_INT_CONVERSION = YES;
				CLANG_WARN_NON_LITERAL_NULL_CONVERSION = YES;
				CLANG_WARN_OBJC_IMPLICIT_RETAIN_SELF = YES;
				CLANG_WARN_OBJC_LITERAL_CONVERSION = YES;
				CLANG_WARN_OBJC_ROOT_CLASS = YES_ERROR;
				CLANG_WARN_QUOTED_INCLUDE_IN_FRAMEWORK_HEADER = YES;
				CLANG_WARN_RANGE_LOOP_ANALYSIS = YES;
				CLANG_WARN_STRICT_PROTOTYPES = YES;
				CLANG_WARN_SUSPICIOUS_MOVE = YES;
				CLANG_WARN_UNGUARDED_AVAILABILITY = YES_AGGRESSIVE;
				CLANG_WARN_UNREACHABLE_CODE = YES;
				CLANG_WARN__DUPLICATE_METHOD_MATCH = YES;
				COPY_PHASE_STRIP = NO;
				DEBUG_INFORMATION_FORMAT = dwarf;
				ENABLE_STRICT_OBJC_MSGSEND = YES;
				ENABLE_TESTABILITY = YES;
				ENABLE_USER_SCRIPT_SANDBOXING = YES;
				GCC_C_LANGUAGE_STANDARD = gnu17;
				GCC_DYNAMIC_NO_PIC = NO;
				GCC_NO_COMMON_BLOCKS = YES;
				GCC_OPTIMIZATION_LEVEL = 0;
				GCC_PREPROCESSOR_DEFINITIONS = (
					"DEBUG=1",
					"$(inherited)",
				);
				GCC_WARN_64_TO_32_BIT_CONVERSION = YES;
				GCC_WARN_ABOUT_RETURN_TYPE = YES_ERROR;
				GCC_WARN_UNDECLARED_SELECTOR = YES;
				GCC_WARN_UNINITIALIZED_AUTOS = YES_AGGRESSIVE;
				GCC_WARN_UNUSED_FUNCTION = YES;
				GCC_WARN_UNUSED_VARIABLE = YES;
				IPHONEOS_DEPLOYMENT_TARGET = 17.0;
				LOCALIZATION_PREFERS_STRING_CATALOGS = YES;
				MTL_ENABLE_DEBUG_INFO = INCLUDE_SOURCE;
				MTL_FAST_MATH = YES;
				ONLY_ACTIVE_ARCH = YES;
				SDKROOT = iphoneos;
				SWIFT_ACTIVE_COMPILATION_CONDITIONS = "DEBUG $(inherited)";
				SWIFT_OPTIMIZATION_LEVEL = "-Onone";
			};
			name = Debug;
		};
		D01EBE6B2B6947300085C1F0 /* Release */ = {
			isa = XCBuildConfiguration;
			buildSettings = {
				ALWAYS_SEARCH_USER_PATHS = NO;
				ASSETCATALOG_COMPILER_GENERATE_SWIFT_ASSET_SYMBOL_EXTENSIONS = YES;
				CLANG_ANALYZER_NONNULL = YES;
				CLANG_ANALYZER_NUMBER_OBJECT_CONVERSION = YES_AGGRESSIVE;
				CLANG_CXX_LANGUAGE_STANDARD = "gnu++20";
				CLANG_ENABLE_MODULES = YES;
				CLANG_ENABLE_OBJC_ARC = YES;
				CLANG_ENABLE_OBJC_WEAK = YES;
				CLANG_WARN_BLOCK_CAPTURE_AUTORELEASING = YES;
				CLANG_WARN_BOOL_CONVERSION = YES;
				CLANG_WARN_COMMA = YES;
				CLANG_WARN_CONSTANT_CONVERSION = YES;
				CLANG_WARN_DEPRECATED_OBJC_IMPLEMENTATIONS = YES;
				CLANG_WARN_DIRECT_OBJC_ISA_USAGE = YES_ERROR;
				CLANG_WARN_DOCUMENTATION_COMMENTS = YES;
				CLANG_WARN_EMPTY_BODY = YES;
				CLANG_WARN_ENUM_CONVERSION = YES;
				CLANG_WARN_INFINITE_RECURSION = YES;
				CLANG_WARN_INT_CONVERSION = YES;
				CLANG_WARN_NON_LITERAL_NULL_CONVERSION = YES;
				CLANG_WARN_OBJC_IMPLICIT_RETAIN_SELF = YES;
				CLANG_WARN_OBJC_LITERAL_CONVERSION = YES;
				CLANG_WARN_OBJC_ROOT_CLASS = YES_ERROR;
				CLANG_WARN_QUOTED_INCLUDE_IN_FRAMEWORK_HEADER = YES;
				CLANG_WARN_RANGE_LOOP_ANALYSIS = YES;
				CLANG_WARN_STRICT_PROTOTYPES = YES;
				CLANG_WARN_SUSPICIOUS_MOVE = YES;
				CLANG_WARN_UNGUARDED_AVAILABILITY = YES_AGGRESSIVE;
				CLANG_WARN_UNREACHABLE_CODE = YES;
				CLANG_WARN__DUPLICATE_METHOD_MATCH = YES;
				COPY_PHASE_STRIP = NO;
				DEBUG_INFORMATION_FORMAT = "dwarf-with-dsym";
				ENABLE_NS_ASSERTIONS = NO;
				ENABLE_STRICT_OBJC_MSGSEND = YES;
				ENABLE_USER_SCRIPT_SANDBOXING = YES;
				GCC_C_LANGUAGE_STANDARD = gnu17;
				GCC_NO_COMMON_BLOCKS = YES;
				GCC_WARN_64_TO_32_BIT_CONVERSION = YES;
				GCC_WARN_ABOUT_RETURN_TYPE = YES_ERROR;
				GCC_WARN_UNDECLARED_SELECTOR = YES;
				GCC_WARN_UNINITIALIZED_AUTOS = YES_AGGRESSIVE;
				GCC_WARN_UNUSED_FUNCTION = YES;
				GCC_WARN_UNUSED_VARIABLE = YES;
				IPHONEOS_DEPLOYMENT_TARGET = 17.0;
				LOCALIZATION_PREFERS_STRING_CATALOGS = YES;
				MTL_ENABLE_DEBUG_INFO = NO;
				MTL_FAST_MATH = YES;
				SDKROOT = iphoneos;
				SWIFT_COMPILATION_MODE = wholemodule;
				VALIDATE_PRODUCT = YES;
			};
			name = Release;
		};
		D01EBE6D2B6947300085C1F0 /* Debug */ = {
			isa = XCBuildConfiguration;
			buildSettings = {
				ASSETCATALOG_COMPILER_APPICON_NAME = AppIcon;
				ASSETCATALOG_COMPILER_GLOBAL_ACCENT_COLOR_NAME = AccentColor;
				CODE_SIGN_STYLE = Automatic;
				CURRENT_PROJECT_VERSION = 1;
				DEVELOPMENT_ASSET_PATHS = "\"AboutMeSwiftUI/Preview Content\"";
				ENABLE_PREVIEWS = YES;
				GENERATE_INFOPLIST_FILE = YES;
				INFOPLIST_KEY_UIApplicationSceneManifest_Generation = YES;
				INFOPLIST_KEY_UIApplicationSupportsIndirectInputEvents = YES;
				INFOPLIST_KEY_UILaunchScreen_Generation = YES;
				INFOPLIST_KEY_UISupportedInterfaceOrientations_iPad = "UIInterfaceOrientationPortrait UIInterfaceOrientationPortraitUpsideDown UIInterfaceOrientationLandscapeLeft UIInterfaceOrientationLandscapeRight";
				INFOPLIST_KEY_UISupportedInterfaceOrientations_iPhone = "UIInterfaceOrientationPortrait UIInterfaceOrientationLandscapeLeft UIInterfaceOrientationLandscapeRight";
				LD_RUNPATH_SEARCH_PATHS = (
					"$(inherited)",
					"@executable_path/Frameworks",
				);
				MARKETING_VERSION = 1.0;
				PRODUCT_BUNDLE_IDENTIFIER = Lukav.AboutMeSwiftUI;
				PRODUCT_NAME = "$(TARGET_NAME)";
				SWIFT_EMIT_LOC_STRINGS = YES;
				SWIFT_VERSION = 5.0;
				TARGETED_DEVICE_FAMILY = "1,2";
			};
			name = Debug;
		};
		D01EBE6E2B6947300085C1F0 /* Release */ = {
			isa = XCBuildConfiguration;
			buildSettings = {
				ASSETCATALOG_COMPILER_APPICON_NAME = AppIcon;
				ASSETCATALOG_COMPILER_GLOBAL_ACCENT_COLOR_NAME = AccentColor;
				CODE_SIGN_STYLE = Automatic;
				CURRENT_PROJECT_VERSION = 1;
				DEVELOPMENT_ASSET_PATHS = "\"AboutMeSwiftUI/Preview Content\"";
				ENABLE_PREVIEWS = YES;
				GENERATE_INFOPLIST_FILE = YES;
				INFOPLIST_KEY_UIApplicationSceneManifest_Generation = YES;
				INFOPLIST_KEY_UIApplicationSupportsIndirectInputEvents = YES;
				INFOPLIST_KEY_UILaunchScreen_Generation = YES;
				INFOPLIST_KEY_UISupportedInterfaceOrientations_iPad = "UIInterfaceOrientationPortrait UIInterfaceOrientationPortraitUpsideDown UIInterfaceOrientationLandscapeLeft UIInterfaceOrientationLandscapeRight";
				INFOPLIST_KEY_UISupportedInterfaceOrientations_iPhone = "UIInterfaceOrientationPortrait UIInterfaceOrientationLandscapeLeft UIInterfaceOrientationLandscapeRight";
				LD_RUNPATH_SEARCH_PATHS = (
					"$(inherited)",
					"@executable_path/Frameworks",
				);
				MARKETING_VERSION = 1.0;
				PRODUCT_BUNDLE_IDENTIFIER = Lukav.AboutMeSwiftUI;
				PRODUCT_NAME = "$(TARGET_NAME)";
				SWIFT_EMIT_LOC_STRINGS = YES;
				SWIFT_VERSION = 5.0;
				TARGETED_DEVICE_FAMILY = "1,2";
			};
			name = Release;
		};
		D01EBE702B6947300085C1F0 /* Debug */ = {
			isa = XCBuildConfiguration;
			buildSettings = {
				ALWAYS_EMBED_SWIFT_STANDARD_LIBRARIES = YES;
				BUNDLE_LOADER = "$(TEST_HOST)";
				CODE_SIGN_STYLE = Automatic;
				CURRENT_PROJECT_VERSION = 1;
				GENERATE_INFOPLIST_FILE = YES;
				IPHONEOS_DEPLOYMENT_TARGET = 17.0;
				MARKETING_VERSION = 1.0;
				PRODUCT_BUNDLE_IDENTIFIER = Lukav.AboutMeSwiftUITests;
				PRODUCT_NAME = "$(TARGET_NAME)";
				SWIFT_EMIT_LOC_STRINGS = NO;
				SWIFT_VERSION = 5.0;
				TARGETED_DEVICE_FAMILY = "1,2";
				TEST_HOST = "$(BUILT_PRODUCTS_DIR)/AboutMeSwiftUI.app/$(BUNDLE_EXECUTABLE_FOLDER_PATH)/AboutMeSwiftUI";
			};
			name = Debug;
		};
		D01EBE712B6947300085C1F0 /* Release */ = {
			isa = XCBuildConfiguration;
			buildSettings = {
				ALWAYS_EMBED_SWIFT_STANDARD_LIBRARIES = YES;
				BUNDLE_LOADER = "$(TEST_HOST)";
				CODE_SIGN_STYLE = Automatic;
				CURRENT_PROJECT_VERSION = 1;
				GENERATE_INFOPLIST_FILE = YES;
				IPHONEOS_DEPLOYMENT_TARGET = 17.0;
				MARKETING_VERSION = 1.0;
				PRODUCT_BUNDLE_IDENTIFIER = Lukav.AboutMeSwiftUITests;
				PRODUCT_NAME = "$(TARGET_NAME)";
				SWIFT_EMIT_LOC_STRINGS = NO;
				SWIFT_VERSION = 5.0;
				TARGETED_DEVICE_FAMILY = "1,2";
				TEST_HOST = "$(BUILT_PRODUCTS_DIR)/AboutMeSwiftUI.app/$(BUNDLE_EXECUTABLE_FOLDER_PATH)/AboutMeSwiftUI";
			};
			name = Release;
		};
		D01EBE732B6947300085C1F0 /* Debug */ = {
			isa = XCBuildConfiguration;
			buildSettings = {
				ALWAYS_EMBED_SWIFT_STANDARD_LIBRARIES = YES;
				CODE_SIGN_STYLE = Automatic;
				CURRENT_PROJECT_VERSION = 1;
				GENERATE_INFOPLIST_FILE = YES;
				MARKETING_VERSION = 1.0;
				PRODUCT_BUNDLE_IDENTIFIER = Lukav.AboutMeSwiftUIUITests;
				PRODUCT_NAME = "$(TARGET_NAME)";
				SWIFT_EMIT_LOC_STRINGS = NO;
				SWIFT_VERSION = 5.0;
				TARGETED_DEVICE_FAMILY = "1,2";
				TEST_TARGET_NAME = AboutMeSwiftUI;
			};
			name = Debug;
		};
		D01EBE742B6947300085C1F0 /* Release */ = {
			isa = XCBuildConfiguration;
			buildSettings = {
				ALWAYS_EMBED_SWIFT_STANDARD_LIBRARIES = YES;
				CODE_SIGN_STYLE = Automatic;
				CURRENT_PROJECT_VERSION = 1;
				GENERATE_INFOPLIST_FILE = YES;
				MARKETING_VERSION = 1.0;
				PRODUCT_BUNDLE_IDENTIFIER = Lukav.AboutMeSwiftUIUITests;
				PRODUCT_NAME = "$(TARGET_NAME)";
				SWIFT_EMIT_LOC_STRINGS = NO;
				SWIFT_VERSION = 5.0;
				TARGETED_DEVICE_FAMILY = "1,2";
				TEST_TARGET_NAME = AboutMeSwiftUI;
			};
			name = Release;
		};
/* End XCBuildConfiguration section */

/* Begin XCConfigurationList section */
		D01EBE432B69472F0085C1F0 /* Build configuration list for PBXProject "AboutMeSwiftUI" */ = {
			isa = XCConfigurationList;
			buildConfigurations = (
				D01EBE6A2B6947300085C1F0 /* Debug */,
				D01EBE6B2B6947300085C1F0 /* Release */,
			);
			defaultConfigurationIsVisible = 0;
			defaultConfigurationName = Release;
		};
		D01EBE6C2B6947300085C1F0 /* Build configuration list for PBXNativeTarget "AboutMeSwiftUI" */ = {
			isa = XCConfigurationList;
			buildConfigurations = (
				D01EBE6D2B6947300085C1F0 /* Debug */,
				D01EBE6E2B6947300085C1F0 /* Release */,
			);
			defaultConfigurationIsVisible = 0;
			defaultConfigurationName = Release;
		};
		D01EBE6F2B6947300085C1F0 /* Build configuration list for PBXNativeTarget "AboutMeSwiftUITests" */ = {
			isa = XCConfigurationList;
			buildConfigurations = (
				D01EBE702B6947300085C1F0 /* Debug */,
				D01EBE712B6947300085C1F0 /* Release */,
			);
			defaultConfigurationIsVisible = 0;
			defaultConfigurationName = Release;
		};
		D01EBE722B6947300085C1F0 /* Build configuration list for PBXNativeTarget "AboutMeSwiftUIUITests" */ = {
			isa = XCConfigurationList;
			buildConfigurations = (
				D01EBE732B6947300085C1F0 /* Debug */,
				D01EBE742B6947300085C1F0 /* Release */,
			);
			defaultConfigurationIsVisible = 0;
			defaultConfigurationName = Release;
		};
/* End XCConfigurationList section */
	};
	rootObject = D01EBE402B69472F0085C1F0 /* Project object */;
}
